// !$*UTF8*$!
{
	archiveVersion = 1;
	classes = {
	};
	objectVersion = 55;
	objects = {

/* Begin PBXBuildFile section */
		6D9A5F5528B6568800C91E06 /* CustomTableViewCell.swift in Sources */ = {isa = PBXBuildFile; fileRef = 6D9A5F5428B6568800C91E06 /* CustomTableViewCell.swift */; };
		6D9A5F5728B6569B00C91E06 /* CustomTableViewCell.xib in Resources */ = {isa = PBXBuildFile; fileRef = 6D9A5F5628B6569B00C91E06 /* CustomTableViewCell.xib */; };
		6DC7AE0628B64E8F00A0C24E /* AppDelegate.swift in Sources */ = {isa = PBXBuildFile; fileRef = 6DC7AE0528B64E8F00A0C24E /* AppDelegate.swift */; };
		6DC7AE0828B64E8F00A0C24E /* SceneDelegate.swift in Sources */ = {isa = PBXBuildFile; fileRef = 6DC7AE0728B64E8F00A0C24E /* SceneDelegate.swift */; };
		6DC7AE0A28B64E8F00A0C24E /* HomeViewController.swift in Sources */ = {isa = PBXBuildFile; fileRef = 6DC7AE0928B64E8F00A0C24E /* HomeViewController.swift */; };
		6DC7AE0F28B64E9200A0C24E /* Assets.xcassets in Resources */ = {isa = PBXBuildFile; fileRef = 6DC7AE0E28B64E9200A0C24E /* Assets.xcassets */; };
		6DC7AE1228B64E9200A0C24E /* LaunchScreen.storyboard in Resources */ = {isa = PBXBuildFile; fileRef = 6DC7AE1028B64E9200A0C24E /* LaunchScreen.storyboard */; };
		991CB9FE28B8DDC8000861A6 /* CustomCellViewModel.swift in Sources */ = {isa = PBXBuildFile; fileRef = 991CB9FD28B8DDC8000861A6 /* CustomCellViewModel.swift */; };
		999E302328B7902300055411 /* User.swift in Sources */ = {isa = PBXBuildFile; fileRef = 999E302228B7902300055411 /* User.swift */; };
		999E302728B791BB00055411 /* ViewModel.swift in Sources */ = {isa = PBXBuildFile; fileRef = 999E302628B791BB00055411 /* ViewModel.swift */; };
		99EE10E828BD2E26003046EB /* HomeScreenView.swift in Sources */ = {isa = PBXBuildFile; fileRef = 99EE10E728BD2E26003046EB /* HomeScreenView.swift */; };
/* End PBXBuildFile section */

/* Begin PBXFileReference section */
		6D9A5F5428B6568800C91E06 /* CustomTableViewCell.swift */ = {isa = PBXFileReference; fileEncoding = 4; lastKnownFileType = sourcecode.swift; path = CustomTableViewCell.swift; sourceTree = "<group>"; };
		6D9A5F5628B6569B00C91E06 /* CustomTableViewCell.xib */ = {isa = PBXFileReference; fileEncoding = 4; lastKnownFileType = file.xib; path = CustomTableViewCell.xib; sourceTree = "<group>"; };
		6DC7AE0228B64E8F00A0C24E /* ViewCodeWithMVVM.app */ = {isa = PBXFileReference; explicitFileType = wrapper.application; includeInIndex = 0; path = ViewCodeWithMVVM.app; sourceTree = BUILT_PRODUCTS_DIR; };
		6DC7AE0528B64E8F00A0C24E /* AppDelegate.swift */ = {isa = PBXFileReference; lastKnownFileType = sourcecode.swift; path = AppDelegate.swift; sourceTree = "<group>"; };
		6DC7AE0728B64E8F00A0C24E /* SceneDelegate.swift */ = {isa = PBXFileReference; lastKnownFileType = sourcecode.swift; path = SceneDelegate.swift; sourceTree = "<group>"; };
		6DC7AE0928B64E8F00A0C24E /* HomeViewController.swift */ = {isa = PBXFileReference; lastKnownFileType = sourcecode.swift; path = HomeViewController.swift; sourceTree = "<group>"; };
		6DC7AE0E28B64E9200A0C24E /* Assets.xcassets */ = {isa = PBXFileReference; lastKnownFileType = folder.assetcatalog; path = Assets.xcassets; sourceTree = "<group>"; };
		6DC7AE1128B64E9200A0C24E /* Base */ = {isa = PBXFileReference; lastKnownFileType = file.storyboard; name = Base; path = Base.lproj/LaunchScreen.storyboard; sourceTree = "<group>"; };
		6DC7AE1328B64E9200A0C24E /* Info.plist */ = {isa = PBXFileReference; lastKnownFileType = text.plist.xml; path = Info.plist; sourceTree = "<group>"; };
		991CB9FD28B8DDC8000861A6 /* CustomCellViewModel.swift */ = {isa = PBXFileReference; lastKnownFileType = sourcecode.swift; path = CustomCellViewModel.swift; sourceTree = "<group>"; };
		999E302228B7902300055411 /* User.swift */ = {isa = PBXFileReference; lastKnownFileType = sourcecode.swift; path = User.swift; sourceTree = "<group>"; };
		999E302628B791BB00055411 /* ViewModel.swift */ = {isa = PBXFileReference; lastKnownFileType = sourcecode.swift; path = ViewModel.swift; sourceTree = "<group>"; };
		99EE10E728BD2E26003046EB /* HomeScreenView.swift */ = {isa = PBXFileReference; lastKnownFileType = sourcecode.swift; path = HomeScreenView.swift; sourceTree = "<group>"; };
/* End PBXFileReference section */

/* Begin PBXFrameworksBuildPhase section */
		6DC7ADFF28B64E8F00A0C24E /* Frameworks */ = {
			isa = PBXFrameworksBuildPhase;
			buildActionMask = 2147483647;
			files = (
			);
			runOnlyForDeploymentPostprocessing = 0;
		};
/* End PBXFrameworksBuildPhase section */

/* Begin PBXGroup section */
		6DC7ADF928B64E8F00A0C24E = {
			isa = PBXGroup;
			children = (
				6DC7AE0428B64E8F00A0C24E /* ViewCodeWithMVVM */,
				6DC7AE0328B64E8F00A0C24E /* Products */,
			);
			sourceTree = "<group>";
		};
		6DC7AE0328B64E8F00A0C24E /* Products */ = {
			isa = PBXGroup;
			children = (
				6DC7AE0228B64E8F00A0C24E /* ViewCodeWithMVVM.app */,
			);
			name = Products;
			sourceTree = "<group>";
		};
		6DC7AE0428B64E8F00A0C24E /* ViewCodeWithMVVM */ = {
			isa = PBXGroup;
			children = (
				991CB9FB28B8DD46000861A6 /* Cell */,
				999E302528B7912600055411 /* View */,
				999E302428B7911800055411 /* ViewModel */,
				999E302128B78FBA00055411 /* Model */,
				6DC7AE0528B64E8F00A0C24E /* AppDelegate.swift */,
				6DC7AE0728B64E8F00A0C24E /* SceneDelegate.swift */,
				6DC7AE0E28B64E9200A0C24E /* Assets.xcassets */,
				6DC7AE1028B64E9200A0C24E /* LaunchScreen.storyboard */,
				6DC7AE1328B64E9200A0C24E /* Info.plist */,
			);
			path = ViewCodeWithMVVM;
			sourceTree = "<group>";
		};
		991CB9FB28B8DD46000861A6 /* Cell */ = {
			isa = PBXGroup;
			children = (
				991CB9FC28B8DD95000861A6 /* ViewModel */,
				6D9A5F5428B6568800C91E06 /* CustomTableViewCell.swift */,
				6D9A5F5628B6569B00C91E06 /* CustomTableViewCell.xib */,
			);
			path = Cell;
			sourceTree = "<group>";
		};
		991CB9FC28B8DD95000861A6 /* ViewModel */ = {
			isa = PBXGroup;
			children = (
				991CB9FD28B8DDC8000861A6 /* CustomCellViewModel.swift */,
			);
			path = ViewModel;
			sourceTree = "<group>";
		};
		999E302128B78FBA00055411 /* Model */ = {
			isa = PBXGroup;
			children = (
				999E302228B7902300055411 /* User.swift */,
			);
			path = Model;
			sourceTree = "<group>";
		};
		999E302428B7911800055411 /* ViewModel */ = {
			isa = PBXGroup;
			children = (
				999E302628B791BB00055411 /* ViewModel.swift */,
			);
			path = ViewModel;
			sourceTree = "<group>";
		};
		999E302528B7912600055411 /* View */ = {
			isa = PBXGroup;
			children = (
				99EE10E428BD2DB2003046EB /* Screen */,
				6DC7AE0928B64E8F00A0C24E /* HomeViewController.swift */,
			);
			path = View;
			sourceTree = "<group>";
		};
		99EE10E428BD2DB2003046EB /* Screen */ = {
			isa = PBXGroup;
			children = (
				99EE10E728BD2E26003046EB /* HomeScreenView.swift */,
			);
			path = Screen;
			sourceTree = "<group>";
		};
/* End PBXGroup section */

/* Begin PBXNativeTarget section */
		6DC7AE0128B64E8F00A0C24E /* ViewCodeWithMVVM */ = {
			isa = PBXNativeTarget;
			buildConfigurationList = 6DC7AE1628B64E9200A0C24E /* Build configuration list for PBXNativeTarget "ViewCodeWithMVVM" */;
			buildPhases = (
				6DC7ADFE28B64E8F00A0C24E /* Sources */,
				6DC7ADFF28B64E8F00A0C24E /* Frameworks */,
				6DC7AE0028B64E8F00A0C24E /* Resources */,
			);
			buildRules = (
			);
			dependencies = (
			);
			name = ViewCodeWithMVVM;
			productName = ViewCodeWithMVVM;
			productReference = 6DC7AE0228B64E8F00A0C24E /* ViewCodeWithMVVM.app */;
			productType = "com.apple.product-type.application";
		};
/* End PBXNativeTarget section */

/* Begin PBXProject section */
		6DC7ADFA28B64E8F00A0C24E /* Project object */ = {
			isa = PBXProject;
			attributes = {
				BuildIndependentTargetsInParallel = 1;
				LastSwiftUpdateCheck = 1330;
				LastUpgradeCheck = 1330;
				TargetAttributes = {
					6DC7AE0128B64E8F00A0C24E = {
						CreatedOnToolsVersion = 13.3.1;
					};
				};
			};
			buildConfigurationList = 6DC7ADFD28B64E8F00A0C24E /* Build configuration list for PBXProject "ViewCodeWithMVVM" */;
			compatibilityVersion = "Xcode 13.0";
			developmentRegion = en;
			hasScannedForEncodings = 0;
			knownRegions = (
				en,
				Base,
			);
			mainGroup = 6DC7ADF928B64E8F00A0C24E;
			productRefGroup = 6DC7AE0328B64E8F00A0C24E /* Products */;
			projectDirPath = "";
			projectRoot = "";
			targets = (
				6DC7AE0128B64E8F00A0C24E /* ViewCodeWithMVVM */,
			);
		};
/* End PBXProject section */

/* Begin PBXResourcesBuildPhase section */
		6DC7AE0028B64E8F00A0C24E /* Resources */ = {
			isa = PBXResourcesBuildPhase;
			buildActionMask = 2147483647;
			files = (
				6DC7AE1228B64E9200A0C24E /* LaunchScreen.storyboard in Resources */,
				6D9A5F5728B6569B00C91E06 /* CustomTableViewCell.xib in Resources */,
				6DC7AE0F28B64E9200A0C24E /* Assets.xcassets in Resources */,
			);
			runOnlyForDeploymentPostprocessing = 0;
		};
/* End PBXResourcesBuildPhase section */

/* Begin PBXSourcesBuildPhase section */
		6DC7ADFE28B64E8F00A0C24E /* Sources */ = {
			isa = PBXSourcesBuildPhase;
			buildActionMask = 2147483647;
			files = (
				999E302328B7902300055411 /* User.swift in Sources */,
				6DC7AE0A28B64E8F00A0C24E /* HomeViewController.swift in Sources */,
				6DC7AE0628B64E8F00A0C24E /* AppDelegate.swift in Sources */,
				99EE10E828BD2E26003046EB /* HomeScreenView.swift in Sources */,
				991CB9FE28B8DDC8000861A6 /* CustomCellViewModel.swift in Sources */,
				6D9A5F5528B6568800C91E06 /* CustomTableViewCell.swift in Sources */,
				999E302728B791BB00055411 /* ViewModel.swift in Sources */,
				6DC7AE0828B64E8F00A0C24E /* SceneDelegate.swift in Sources */,
			);
			runOnlyForDeploymentPostprocessing = 0;
		};
/* End PBXSourcesBuildPhase section */

/* Begin PBXVariantGroup section */
		6DC7AE1028B64E9200A0C24E /* LaunchScreen.storyboard */ = {
			isa = PBXVariantGroup;
			children = (
				6DC7AE1128B64E9200A0C24E /* Base */,
			);
			name = LaunchScreen.storyboard;
			sourceTree = "<group>";
		};
/* End PBXVariantGroup section */

/* Begin XCBuildConfiguration section */
		6DC7AE1428B64E9200A0C24E /* Debug */ = {
			isa = XCBuildConfiguration;
			buildSettings = {
				ALWAYS_SEARCH_USER_PATHS = NO;
				CLANG_ANALYZER_NONNULL = YES;
				CLANG_ANALYZER_NUMBER_OBJECT_CONVERSION = YES_AGGRESSIVE;
				CLANG_CXX_LANGUAGE_STANDARD = "gnu++17";
				CLANG_ENABLE_MODULES = YES;
				CLANG_ENABLE_OBJC_ARC = YES;
				CLANG_ENABLE_OBJC_WEAK = YES;
				CLANG_WARN_BLOCK_CAPTURE_AUTORELEASING = YES;
				CLANG_WARN_BOOL_CONVERSION = YES;
				CLANG_WARN_COMMA = YES;
				CLANG_WARN_CONSTANT_CONVERSION = YES;
				CLANG_WARN_DEPRECATED_OBJC_IMPLEMENTATIONS = YES;
				CLANG_WARN_DIRECT_OBJC_ISA_USAGE = YES_ERROR;
				CLANG_WARN_DOCUMENTATION_COMMENTS = YES;
				CLANG_WARN_EMPTY_BODY = YES;
				CLANG_WARN_ENUM_CONVERSION = YES;
				CLANG_WARN_INFINITE_RECURSION = YES;
				CLANG_WARN_INT_CONVERSION = YES;
				CLANG_WARN_NON_LITERAL_NULL_CONVERSION = YES;
				CLANG_WARN_OBJC_IMPLICIT_RETAIN_SELF = YES;
				CLANG_WARN_OBJC_LITERAL_CONVERSION = YES;
				CLANG_WARN_OBJC_ROOT_CLASS = YES_ERROR;
				CLANG_WARN_QUOTED_INCLUDE_IN_FRAMEWORK_HEADER = YES;
				CLANG_WARN_RANGE_LOOP_ANALYSIS = YES;
				CLANG_WARN_STRICT_PROTOTYPES = YES;
				CLANG_WARN_SUSPICIOUS_MOVE = YES;
				CLANG_WARN_UNGUARDED_AVAILABILITY = YES_AGGRESSIVE;
				CLANG_WARN_UNREACHABLE_CODE = YES;
				CLANG_WARN__DUPLICATE_METHOD_MATCH = YES;
				COPY_PHASE_STRIP = NO;
				DEBUG_INFORMATION_FORMAT = dwarf;
				ENABLE_STRICT_OBJC_MSGSEND = YES;
				ENABLE_TESTABILITY = YES;
				GCC_C_LANGUAGE_STANDARD = gnu11;
				GCC_DYNAMIC_NO_PIC = NO;
				GCC_NO_COMMON_BLOCKS = YES;
				GCC_OPTIMIZATION_LEVEL = 0;
				GCC_PREPROCESSOR_DEFINITIONS = (
					"DEBUG=1",
					"$(inherited)",
				);
				GCC_WARN_64_TO_32_BIT_CONVERSION = YES;
				GCC_WARN_ABOUT_RETURN_TYPE = YES_ERROR;
				GCC_WARN_UNDECLARED_SELECTOR = YES;
				GCC_WARN_UNINITIALIZED_AUTOS = YES_AGGRESSIVE;
				GCC_WARN_UNUSED_FUNCTION = YES;
				GCC_WARN_UNUSED_VARIABLE = YES;
				IPHONEOS_DEPLOYMENT_TARGET = 15.4;
				MTL_ENABLE_DEBUG_INFO = INCLUDE_SOURCE;
				MTL_FAST_MATH = YES;
				ONLY_ACTIVE_ARCH = YES;
				SDKROOT = iphoneos;
				SWIFT_ACTIVE_COMPILATION_CONDITIONS = DEBUG;
				SWIFT_OPTIMIZATION_LEVEL = "-Onone";
			};
			name = Debug;
		};
		6DC7AE1528B64E9200A0C24E /* Release */ = {
			isa = XCBuildConfiguration;
			buildSettings = {
				ALWAYS_SEARCH_USER_PATHS = NO;
				CLANG_ANALYZER_NONNULL = YES;
				CLANG_ANALYZER_NUMBER_OBJECT_CONVERSION = YES_AGGRESSIVE;
				CLANG_CXX_LANGUAGE_STANDARD = "gnu++17";
				CLANG_ENABLE_MODULES = YES;
				CLANG_ENABLE_OBJC_ARC = YES;
				CLANG_ENABLE_OBJC_WEAK = YES;
				CLANG_WARN_BLOCK_CAPTURE_AUTORELEASING = YES;
				CLANG_WARN_BOOL_CONVERSION = YES;
				CLANG_WARN_COMMA = YES;
				CLANG_WARN_CONSTANT_CONVERSION = YES;
				CLANG_WARN_DEPRECATED_OBJC_IMPLEMENTATIONS = YES;
				CLANG_WARN_DIRECT_OBJC_ISA_USAGE = YES_ERROR;
				CLANG_WARN_DOCUMENTATION_COMMENTS = YES;
				CLANG_WARN_EMPTY_BODY = YES;
				CLANG_WARN_ENUM_CONVERSION = YES;
				CLANG_WARN_INFINITE_RECURSION = YES;
				CLANG_WARN_INT_CONVERSION = YES;
				CLANG_WARN_NON_LITERAL_NULL_CONVERSION = YES;
				CLANG_WARN_OBJC_IMPLICIT_RETAIN_SELF = YES;
				CLANG_WARN_OBJC_LITERAL_CONVERSION = YES;
				CLANG_WARN_OBJC_ROOT_CLASS = YES_ERROR;
				CLANG_WARN_QUOTED_INCLUDE_IN_FRAMEWORK_HEADER = YES;
				CLANG_WARN_RANGE_LOOP_ANALYSIS = YES;
				CLANG_WARN_STRICT_PROTOTYPES = YES;
				CLANG_WARN_SUSPICIOUS_MOVE = YES;
				CLANG_WARN_UNGUARDED_AVAILABILITY = YES_AGGRESSIVE;
				CLANG_WARN_UNREACHABLE_CODE = YES;
				CLANG_WARN__DUPLICATE_METHOD_MATCH = YES;
				COPY_PHASE_STRIP = NO;
				DEBUG_INFORMATION_FORMAT = "dwarf-with-dsym";
				ENABLE_NS_ASSERTIONS = NO;
				ENABLE_STRICT_OBJC_MSGSEND = YES;
				GCC_C_LANGUAGE_STANDARD = gnu11;
				GCC_NO_COMMON_BLOCKS = YES;
				GCC_WARN_64_TO_32_BIT_CONVERSION = YES;
				GCC_WARN_ABOUT_RETURN_TYPE = YES_ERROR;
				GCC_WARN_UNDECLARED_SELECTOR = YES;
				GCC_WARN_UNINITIALIZED_AUTOS = YES_AGGRESSIVE;
				GCC_WARN_UNUSED_FUNCTION = YES;
				GCC_WARN_UNUSED_VARIABLE = YES;
				IPHONEOS_DEPLOYMENT_TARGET = 15.4;
				MTL_ENABLE_DEBUG_INFO = NO;
				MTL_FAST_MATH = YES;
				SDKROOT = iphoneos;
				SWIFT_COMPILATION_MODE = wholemodule;
				SWIFT_OPTIMIZATION_LEVEL = "-O";
				VALIDATE_PRODUCT = YES;
			};
			name = Release;
		};
		6DC7AE1728B64E9200A0C24E /* Debug */ = {
			isa = XCBuildConfiguration;
			buildSettings = {
				ASSETCATALOG_COMPILER_APPICON_NAME = AppIcon;
				ASSETCATALOG_COMPILER_GLOBAL_ACCENT_COLOR_NAME = AccentColor;
				CODE_SIGN_STYLE = Automatic;
				CURRENT_PROJECT_VERSION = 1;
				DEVELOPMENT_TEAM = 5VN324YR98;
				GENERATE_INFOPLIST_FILE = YES;
				INFOPLIST_FILE = ViewCodeWithMVVM/Info.plist;
				INFOPLIST_KEY_UIApplicationSupportsIndirectInputEvents = YES;
				INFOPLIST_KEY_UILaunchStoryboardName = LaunchScreen;
				INFOPLIST_KEY_UISupportedInterfaceOrientations_iPad = "UIInterfaceOrientationPortrait UIInterfaceOrientationPortraitUpsideDown UIInterfaceOrientationLandscapeLeft UIInterfaceOrientationLandscapeRight";
				INFOPLIST_KEY_UISupportedInterfaceOrientations_iPhone = "UIInterfaceOrientationPortrait UIInterfaceOrientationLandscapeLeft UIInterfaceOrientationLandscapeRight";
				LD_RUNPATH_SEARCH_PATHS = (
					"$(inherited)",
					"@executable_path/Frameworks",
				);
				MARKETING_VERSION = 1.0;
				PRODUCT_BUNDLE_IDENTIFIER = br.com.study.ViewCodeWithMVVM;
				PRODUCT_NAME = "$(TARGET_NAME)";
				SWIFT_EMIT_LOC_STRINGS = YES;
				SWIFT_VERSION = 5.0;
				TARGETED_DEVICE_FAMILY = 1;
			};
			name = Debug;
		};
		6DC7AE1828B64E9200A0C24E /* Release */ = {
			isa = XCBuildConfiguration;
			buildSettings = {
				ASSETCATALOG_COMPILER_APPICON_NAME = AppIcon;
				ASSETCATALOG_COMPILER_GLOBAL_ACCENT_COLOR_NAME = AccentColor;
				CODE_SIGN_STYLE = Automatic;
				CURRENT_PROJECT_VERSION = 1;
				DEVELOPMENT_TEAM = 5VN324YR98;
				GENERATE_INFOPLIST_FILE = YES;
				INFOPLIST_FILE = ViewCodeWithMVVM/Info.plist;
				INFOPLIST_KEY_UIApplicationSupportsIndirectInputEvents = YES;
				INFOPLIST_KEY_UILaunchStoryboardName = LaunchScreen;
				INFOPLIST_KEY_UISupportedInterfaceOrientations_iPad = "UIInterfaceOrientationPortrait UIInterfaceOrientationPortraitUpsideDown UIInterfaceOrientationLandscapeLeft UIInterfaceOrientationLandscapeRight";
				INFOPLIST_KEY_UISupportedInterfaceOrientations_iPhone = "UIInterfaceOrientationPortrait UIInterfaceOrientationLandscapeLeft UIInterfaceOrientationLandscapeRight";
				LD_RUNPATH_SEARCH_PATHS = (
					"$(inherited)",
					"@executable_path/Frameworks",
				);
				MARKETING_VERSION = 1.0;
				PRODUCT_BUNDLE_IDENTIFIER = br.com.study.ViewCodeWithMVVM;
				PRODUCT_NAME = "$(TARGET_NAME)";
				SWIFT_EMIT_LOC_STRINGS = YES;
				SWIFT_VERSION = 5.0;
				TARGETED_DEVICE_FAMILY = 1;
			};
			name = Release;
		};
/* End XCBuildConfiguration section */

/* Begin XCConfigurationList section */
		6DC7ADFD28B64E8F00A0C24E /* Build configuration list for PBXProject "ViewCodeWithMVVM" */ = {
			isa = XCConfigurationList;
			buildConfigurations = (
				6DC7AE1428B64E9200A0C24E /* Debug */,
				6DC7AE1528B64E9200A0C24E /* Release */,
			);
			defaultConfigurationIsVisible = 0;
			defaultConfigurationName = Release;
		};
		6DC7AE1628B64E9200A0C24E /* Build configuration list for PBXNativeTarget "ViewCodeWithMVVM" */ = {
			isa = XCConfigurationList;
			buildConfigurations = (
				6DC7AE1728B64E9200A0C24E /* Debug */,
				6DC7AE1828B64E9200A0C24E /* Release */,
			);
			defaultConfigurationIsVisible = 0;
			defaultConfigurationName = Release;
		};
/* End XCConfigurationList section */
	};
	rootObject = 6DC7ADFA28B64E8F00A0C24E /* Project object */;
}
